Microsoft Visual Studio Solution File, Format Version 11.00
# Visual Studio 2008

Project("{527EA0BA-5D92-ADF0-4370-3A6D31DC235C}") = "HauntedSwing", "Assembly-CSharp-firstpass-vs.csproj", "{27055704-A6ED-48CA-D2A9-5274D13161F3}"
EndProject
Project("{527EA0BA-5D92-ADF0-4370-3A6D31DC235C}") = "HauntedSwing", "Assembly-CSharp-vs.csproj", "{149BFE55-0D6E-974D-C114-1EF030A2C0D0}"
EndProject
Project("{527EA0BA-5D92-ADF0-4370-3A6D31DC235C}") = "HauntedSwing", "Assembly-CSharp-Editor-vs.csproj", "{5D46B551-D100-8B06-B64A-B74E28CCF6B3}"
EndProject
Global
	GlobalSection(SolutionConfigurationPlatforms) = preSolution
		Debug|Any CPU = Debug|Any CPU
		Release|Any CPU = Release|Any CPU
	EndGlobalSection
	GlobalSection(ProjectConfigurationPlatforms) = postSolution
		{27055704-A6ED-48CA-D2A9-5274D13161F3}.Debug|Any CPU.ActiveCfg = Debug|Any CPU
		{27055704-A6ED-48CA-D2A9-5274D13161F3}.Debug|Any CPU.Build.0 = Debug|Any CPU
		{27055704-A6ED-48CA-D2A9-5274D13161F3}.Release|Any CPU.ActiveCfg = Release|Any CPU
		{27055704-A6ED-48CA-D2A9-5274D13161F3}.Release|Any CPU.Build.0 = Release|Any CPU
		{149BFE55-0D6E-974D-C114-1EF030A2C0D0}.Debug|Any CPU.ActiveCfg = Debug|Any CPU
		{149BFE55-0D6E-974D-C114-1EF030A2C0D0}.Debug|Any CPU.Build.0 = Debug|Any CPU
		{149BFE55-0D6E-974D-C114-1EF030A2C0D0}.Release|Any CPU.ActiveCfg = Release|Any CPU
		{149BFE55-0D6E-974D-C114-1EF030A2C0D0}.Release|Any CPU.Build.0 = Release|Any CPU
		{5D46B551-D100-8B06-B64A-B74E28CCF6B3}.Debug|Any CPU.ActiveCfg = Debug|Any CPU
		{5D46B551-D100-8B06-B64A-B74E28CCF6B3}.Debug|Any CPU.Build.0 = Debug|Any CPU
		{5D46B551-D100-8B06-B64A-B74E28CCF6B3}.Release|Any CPU.ActiveCfg = Release|Any CPU
		{5D46B551-D100-8B06-B64A-B74E28CCF6B3}.Release|Any CPU.Build.0 = Release|Any CPU
	EndGlobalSection
	GlobalSection(SolutionProperties) = preSolution
		HideSolutionNode = FALSE
	EndGlobalSection
																																																																																							GlobalSection(MonoDevelopProperties) = preSolution
		StartupItem = Assembly-CSharp.csproj
		Policies = $0
		$0.TextStylePolicy = $1
		$1.inheritsSet = null
		$1.scope = text/x-csharp
		$0.CSharpFormattingPolicy = $2
		$2.inheritsSet = Mono
		$2.inheritsScope = text/x-csharp
		$2.scope = text/x-csharp
		$0.TextStylePolicy = $3
		$3.FileWidth = 120
		$3.TabWidth = 4
		$3.IndentWidth = 4
		$3.EolMarker = Unix
		$3.inheritsSet = Mono
		$3.inheritsScope = text/plain
		$3.scope = text/plain
	EndGlobalSection

EndGlobal
